// !$*UTF8*$!
{
	archiveVersion = 1;
	classes = {
	};
	objectVersion = 55;
	objects = {

/* Begin PBXBuildFile section */
		4728F170289D371600A90F13 /* CharactersApi.swift in Sources */ = {isa = PBXBuildFile; fileRef = 4728F16F289D371600A90F13 /* CharactersApi.swift */; };
		4728F172289D581900A90F13 /* CharactersViewModel.swift in Sources */ = {isa = PBXBuildFile; fileRef = 4728F171289D581900A90F13 /* CharactersViewModel.swift */; };
		472B8070288696A600DAD063 /* CharactersService.swift in Sources */ = {isa = PBXBuildFile; fileRef = 472B806F288696A600DAD063 /* CharactersService.swift */; };
		472D1F4C28A519030098273D /* EpisodesDetailView.swift in Sources */ = {isa = PBXBuildFile; fileRef = 472D1F4B28A519030098273D /* EpisodesDetailView.swift */; };
		472D1F4E28A521AB0098273D /* LocationsService.swift in Sources */ = {isa = PBXBuildFile; fileRef = 472D1F4D28A521AB0098273D /* LocationsService.swift */; };
		472D1F6D28A667C70098273D /* LocationsDetailView.swift in Sources */ = {isa = PBXBuildFile; fileRef = 472D1F6C28A667C70098273D /* LocationsDetailView.swift */; };
		472D1F6F28A6686A0098273D /* LocationsListRowView.swift in Sources */ = {isa = PBXBuildFile; fileRef = 472D1F6E28A6686A0098273D /* LocationsListRowView.swift */; };
		474A3834282E800D00CD0EF7 /* CharacterModel.swift in Sources */ = {isa = PBXBuildFile; fileRef = 474A3833282E800D00CD0EF7 /* CharacterModel.swift */; };
		474A383C282E9AF000CD0EF7 /* KingfisherSwiftUI in Frameworks */ = {isa = PBXBuildFile; productRef = 474A383B282E9AF000CD0EF7 /* KingfisherSwiftUI */; };
		474A38402832698C00CD0EF7 /* CharactersDetailView.swift in Sources */ = {isa = PBXBuildFile; fileRef = 474A383F2832698C00CD0EF7 /* CharactersDetailView.swift */; };
		4784D75328291A6D00DDF81A /* RickAndMortyAppApp.swift in Sources */ = {isa = PBXBuildFile; fileRef = 4784D75228291A6D00DDF81A /* RickAndMortyAppApp.swift */; };
		4784D75528291A6D00DDF81A /* CharactersListView.swift in Sources */ = {isa = PBXBuildFile; fileRef = 4784D75428291A6D00DDF81A /* CharactersListView.swift */; };
		4784D75728291A6F00DDF81A /* Assets.xcassets in Resources */ = {isa = PBXBuildFile; fileRef = 4784D75628291A6F00DDF81A /* Assets.xcassets */; };
		4784D75A28291A6F00DDF81A /* Preview Assets.xcassets in Resources */ = {isa = PBXBuildFile; fileRef = 4784D75928291A6F00DDF81A /* Preview Assets.xcassets */; };
		4784D76428291A7000DDF81A /* RickAndMortyAppTests.swift in Sources */ = {isa = PBXBuildFile; fileRef = 4784D76328291A7000DDF81A /* RickAndMortyAppTests.swift */; };
		4784D76E28291A7000DDF81A /* RickAndMortyAppUITests.swift in Sources */ = {isa = PBXBuildFile; fileRef = 4784D76D28291A7000DDF81A /* RickAndMortyAppUITests.swift */; };
		4784D77028291A7000DDF81A /* RickAndMortyAppUITestsLaunchTests.swift in Sources */ = {isa = PBXBuildFile; fileRef = 4784D76F28291A7000DDF81A /* RickAndMortyAppUITestsLaunchTests.swift */; };
		4797F275282938C500559F09 /* Apollo in Frameworks */ = {isa = PBXBuildFile; productRef = 4797F274282938C500559F09 /* Apollo */; };
		4797F2772829416400559F09 /* schema.json in Resources */ = {isa = PBXBuildFile; fileRef = 4797F2762829416400559F09 /* schema.json */; };
		47A017B328A3B16B001A5096 /* LocationsModel.swift in Sources */ = {isa = PBXBuildFile; fileRef = 47A017B228A3B16B001A5096 /* LocationsModel.swift */; };
		47A017D428A50890001A5096 /* LocationsListView.swift in Sources */ = {isa = PBXBuildFile; fileRef = 47A017D328A50890001A5096 /* LocationsListView.swift */; };
		47A017D628A509B0001A5096 /* LocationsViewModel.swift in Sources */ = {isa = PBXBuildFile; fileRef = 47A017D528A509B0001A5096 /* LocationsViewModel.swift */; };
		47A017D828A509E0001A5096 /* LocationsApi.swift in Sources */ = {isa = PBXBuildFile; fileRef = 47A017D728A509E0001A5096 /* LocationsApi.swift */; };
		47A34A1928A38DBD002873AA /* API.swift in Sources */ = {isa = PBXBuildFile; fileRef = 47A34A1828A38DBD002873AA /* API.swift */; };
		47BE10542829484C0091FDE2 /* Queries.graphql in Resources */ = {isa = PBXBuildFile; fileRef = 47BE10532829484C0091FDE2 /* Queries.graphql */; };
		47BE1056282948940091FDE2 /* Apollo.swift in Sources */ = {isa = PBXBuildFile; fileRef = 47BE1055282948940091FDE2 /* Apollo.swift */; };
		47D0394D283BBE0A00CD07DE /* TabbarView.swift in Sources */ = {isa = PBXBuildFile; fileRef = 47D0394C283BBE0A00CD07DE /* TabbarView.swift */; };
		47D0394F283BC5D100CD07DE /* EpisodeListView.swift in Sources */ = {isa = PBXBuildFile; fileRef = 47D0394E283BC5D100CD07DE /* EpisodeListView.swift */; };
		47D03951283CD6F400CD07DE /* InfoRowView.swift in Sources */ = {isa = PBXBuildFile; fileRef = 47D03950283CD6F400CD07DE /* InfoRowView.swift */; };
		47D8351F2834DDA900494D0F /* CharactersListRowView.swift in Sources */ = {isa = PBXBuildFile; fileRef = 47D8351E2834DDA900494D0F /* CharactersListRowView.swift */; };
		47EA05DD28440307008CCCDA /* EpisodeModel.swift in Sources */ = {isa = PBXBuildFile; fileRef = 47EA05DC28440307008CCCDA /* EpisodeModel.swift */; };
		47EA05E92844D036008CCCDA /* EpisodeListRowView.swift in Sources */ = {isa = PBXBuildFile; fileRef = 47EA05E82844D036008CCCDA /* EpisodeListRowView.swift */; };
		47EFE26828A1058400C1AD51 /* EpisodesApi.swift in Sources */ = {isa = PBXBuildFile; fileRef = 47EFE26728A1058400C1AD51 /* EpisodesApi.swift */; };
		47EFE26A28A1064300C1AD51 /* EpisodesService.swift in Sources */ = {isa = PBXBuildFile; fileRef = 47EFE26928A1064300C1AD51 /* EpisodesService.swift */; };
		47EFE26C28A2620000C1AD51 /* EpisodesViewModel.swift in Sources */ = {isa = PBXBuildFile; fileRef = 47EFE26B28A2620000C1AD51 /* EpisodesViewModel.swift */; };
/* End PBXBuildFile section */

/* Begin PBXContainerItemProxy section */
		4784D76028291A7000DDF81A /* PBXContainerItemProxy */ = {
			isa = PBXContainerItemProxy;
			containerPortal = 4784D74728291A6D00DDF81A /* Project object */;
			proxyType = 1;
			remoteGlobalIDString = 4784D74E28291A6D00DDF81A;
			remoteInfo = RickAndMortyApp;
		};
		4784D76A28291A7000DDF81A /* PBXContainerItemProxy */ = {
			isa = PBXContainerItemProxy;
			containerPortal = 4784D74728291A6D00DDF81A /* Project object */;
			proxyType = 1;
			remoteGlobalIDString = 4784D74E28291A6D00DDF81A;
			remoteInfo = RickAndMortyApp;
		};
/* End PBXContainerItemProxy section */

/* Begin PBXFileReference section */
		4728F16F289D371600A90F13 /* CharactersApi.swift */ = {isa = PBXFileReference; lastKnownFileType = sourcecode.swift; path = CharactersApi.swift; sourceTree = "<group>"; };
		4728F171289D581900A90F13 /* CharactersViewModel.swift */ = {isa = PBXFileReference; lastKnownFileType = sourcecode.swift; path = CharactersViewModel.swift; sourceTree = "<group>"; };
		472B806F288696A600DAD063 /* CharactersService.swift */ = {isa = PBXFileReference; lastKnownFileType = sourcecode.swift; path = CharactersService.swift; sourceTree = "<group>"; };
		472D1F4B28A519030098273D /* EpisodesDetailView.swift */ = {isa = PBXFileReference; lastKnownFileType = sourcecode.swift; path = EpisodesDetailView.swift; sourceTree = "<group>"; };
		472D1F4D28A521AB0098273D /* LocationsService.swift */ = {isa = PBXFileReference; lastKnownFileType = sourcecode.swift; path = LocationsService.swift; sourceTree = "<group>"; };
		472D1F6C28A667C70098273D /* LocationsDetailView.swift */ = {isa = PBXFileReference; lastKnownFileType = sourcecode.swift; path = LocationsDetailView.swift; sourceTree = "<group>"; };
		472D1F6E28A6686A0098273D /* LocationsListRowView.swift */ = {isa = PBXFileReference; lastKnownFileType = sourcecode.swift; path = LocationsListRowView.swift; sourceTree = "<group>"; };
		474A3833282E800D00CD0EF7 /* CharacterModel.swift */ = {isa = PBXFileReference; lastKnownFileType = sourcecode.swift; path = CharacterModel.swift; sourceTree = "<group>"; };
		474A383F2832698C00CD0EF7 /* CharactersDetailView.swift */ = {isa = PBXFileReference; lastKnownFileType = sourcecode.swift; path = CharactersDetailView.swift; sourceTree = "<group>"; };
		4784D74F28291A6D00DDF81A /* RickAndMortyApp.app */ = {isa = PBXFileReference; explicitFileType = wrapper.application; includeInIndex = 0; path = RickAndMortyApp.app; sourceTree = BUILT_PRODUCTS_DIR; };
		4784D75228291A6D00DDF81A /* RickAndMortyAppApp.swift */ = {isa = PBXFileReference; lastKnownFileType = sourcecode.swift; path = RickAndMortyAppApp.swift; sourceTree = "<group>"; };
		4784D75428291A6D00DDF81A /* CharactersListView.swift */ = {isa = PBXFileReference; lastKnownFileType = sourcecode.swift; path = CharactersListView.swift; sourceTree = "<group>"; };
		4784D75628291A6F00DDF81A /* Assets.xcassets */ = {isa = PBXFileReference; lastKnownFileType = folder.assetcatalog; path = Assets.xcassets; sourceTree = "<group>"; };
		4784D75928291A6F00DDF81A /* Preview Assets.xcassets */ = {isa = PBXFileReference; lastKnownFileType = folder.assetcatalog; path = "Preview Assets.xcassets"; sourceTree = "<group>"; };
		4784D75F28291A7000DDF81A /* RickAndMortyAppTests.xctest */ = {isa = PBXFileReference; explicitFileType = wrapper.cfbundle; includeInIndex = 0; path = RickAndMortyAppTests.xctest; sourceTree = BUILT_PRODUCTS_DIR; };
		4784D76328291A7000DDF81A /* RickAndMortyAppTests.swift */ = {isa = PBXFileReference; lastKnownFileType = sourcecode.swift; path = RickAndMortyAppTests.swift; sourceTree = "<group>"; };
		4784D76928291A7000DDF81A /* RickAndMortyAppUITests.xctest */ = {isa = PBXFileReference; explicitFileType = wrapper.cfbundle; includeInIndex = 0; path = RickAndMortyAppUITests.xctest; sourceTree = BUILT_PRODUCTS_DIR; };
		4784D76D28291A7000DDF81A /* RickAndMortyAppUITests.swift */ = {isa = PBXFileReference; lastKnownFileType = sourcecode.swift; path = RickAndMortyAppUITests.swift; sourceTree = "<group>"; };
		4784D76F28291A7000DDF81A /* RickAndMortyAppUITestsLaunchTests.swift */ = {isa = PBXFileReference; lastKnownFileType = sourcecode.swift; path = RickAndMortyAppUITestsLaunchTests.swift; sourceTree = "<group>"; };
		4797F2762829416400559F09 /* schema.json */ = {isa = PBXFileReference; fileEncoding = 4; lastKnownFileType = text.json; path = schema.json; sourceTree = "<group>"; };
		47A017B228A3B16B001A5096 /* LocationsModel.swift */ = {isa = PBXFileReference; lastKnownFileType = sourcecode.swift; path = LocationsModel.swift; sourceTree = "<group>"; };
		47A017D328A50890001A5096 /* LocationsListView.swift */ = {isa = PBXFileReference; lastKnownFileType = sourcecode.swift; path = LocationsListView.swift; sourceTree = "<group>"; };
		47A017D528A509B0001A5096 /* LocationsViewModel.swift */ = {isa = PBXFileReference; lastKnownFileType = sourcecode.swift; path = LocationsViewModel.swift; sourceTree = "<group>"; };
		47A017D728A509E0001A5096 /* LocationsApi.swift */ = {isa = PBXFileReference; lastKnownFileType = sourcecode.swift; path = LocationsApi.swift; sourceTree = "<group>"; };
		47A34A1828A38DBD002873AA /* API.swift */ = {isa = PBXFileReference; fileEncoding = 4; lastKnownFileType = sourcecode.swift; path = API.swift; sourceTree = "<group>"; };
		47BE10532829484C0091FDE2 /* Queries.graphql */ = {isa = PBXFileReference; lastKnownFileType = text; path = Queries.graphql; sourceTree = "<group>"; };
		47BE1055282948940091FDE2 /* Apollo.swift */ = {isa = PBXFileReference; lastKnownFileType = sourcecode.swift; path = Apollo.swift; sourceTree = "<group>"; };
		47D0394C283BBE0A00CD07DE /* TabbarView.swift */ = {isa = PBXFileReference; lastKnownFileType = sourcecode.swift; path = TabbarView.swift; sourceTree = "<group>"; };
		47D0394E283BC5D100CD07DE /* EpisodeListView.swift */ = {isa = PBXFileReference; lastKnownFileType = sourcecode.swift; path = EpisodeListView.swift; sourceTree = "<group>"; };
		47D03950283CD6F400CD07DE /* InfoRowView.swift */ = {isa = PBXFileReference; lastKnownFileType = sourcecode.swift; path = InfoRowView.swift; sourceTree = "<group>"; };
		47D8351E2834DDA900494D0F /* CharactersListRowView.swift */ = {isa = PBXFileReference; lastKnownFileType = sourcecode.swift; path = CharactersListRowView.swift; sourceTree = "<group>"; };
		47EA05DC28440307008CCCDA /* EpisodeModel.swift */ = {isa = PBXFileReference; lastKnownFileType = sourcecode.swift; path = EpisodeModel.swift; sourceTree = "<group>"; };
		47EA05E82844D036008CCCDA /* EpisodeListRowView.swift */ = {isa = PBXFileReference; lastKnownFileType = sourcecode.swift; path = EpisodeListRowView.swift; sourceTree = "<group>"; };
		47EFE26728A1058400C1AD51 /* EpisodesApi.swift */ = {isa = PBXFileReference; lastKnownFileType = sourcecode.swift; path = EpisodesApi.swift; sourceTree = "<group>"; };
		47EFE26928A1064300C1AD51 /* EpisodesService.swift */ = {isa = PBXFileReference; lastKnownFileType = sourcecode.swift; path = EpisodesService.swift; sourceTree = "<group>"; };
		47EFE26B28A2620000C1AD51 /* EpisodesViewModel.swift */ = {isa = PBXFileReference; lastKnownFileType = sourcecode.swift; path = EpisodesViewModel.swift; sourceTree = "<group>"; };
/* End PBXFileReference section */

/* Begin PBXFrameworksBuildPhase section */
		4784D74C28291A6D00DDF81A /* Frameworks */ = {
			isa = PBXFrameworksBuildPhase;
			buildActionMask = 2147483647;
			files = (
				474A383C282E9AF000CD0EF7 /* KingfisherSwiftUI in Frameworks */,
				4797F275282938C500559F09 /* Apollo in Frameworks */,
			);
			runOnlyForDeploymentPostprocessing = 0;
		};
		4784D75C28291A7000DDF81A /* Frameworks */ = {
			isa = PBXFrameworksBuildPhase;
			buildActionMask = 2147483647;
			files = (
			);
			runOnlyForDeploymentPostprocessing = 0;
		};
		4784D76628291A7000DDF81A /* Frameworks */ = {
			isa = PBXFrameworksBuildPhase;
			buildActionMask = 2147483647;
			files = (
			);
			runOnlyForDeploymentPostprocessing = 0;
		};
/* End PBXFrameworksBuildPhase section */

/* Begin PBXGroup section */
		4728F17328A0FAD700A90F13 /* Characters */ = {
			isa = PBXGroup;
			children = (
				472B806F288696A600DAD063 /* CharactersService.swift */,
				4728F16F289D371600A90F13 /* CharactersApi.swift */,
			);
			path = Characters;
			sourceTree = "<group>";
		};
		472B806E2886967200DAD063 /* Networking */ = {
			isa = PBXGroup;
			children = (
				47A017B128A3AC41001A5096 /* Locations */,
				47EFE26628A1052200C1AD51 /* Episodes */,
				4728F17328A0FAD700A90F13 /* Characters */,
			);
			path = Networking;
			sourceTree = "<group>";
		};
		472D1F4A28A518E20098273D /* Details */ = {
			isa = PBXGroup;
			children = (
				472D1F4B28A519030098273D /* EpisodesDetailView.swift */,
			);
			path = Details;
			sourceTree = "<group>";
		};
		472D1F6B28A667B50098273D /* Details */ = {
			isa = PBXGroup;
			children = (
				472D1F6C28A667C70098273D /* LocationsDetailView.swift */,
			);
			path = Details;
			sourceTree = "<group>";
		};
		4784D74628291A6D00DDF81A = {
			isa = PBXGroup;
			children = (
				4784D75128291A6D00DDF81A /* RickAndMortyApp */,
				4784D76228291A7000DDF81A /* RickAndMortyAppTests */,
				4784D76C28291A7000DDF81A /* RickAndMortyAppUITests */,
				4784D75028291A6D00DDF81A /* Products */,
			);
			sourceTree = "<group>";
		};
		4784D75028291A6D00DDF81A /* Products */ = {
			isa = PBXGroup;
			children = (
				4784D74F28291A6D00DDF81A /* RickAndMortyApp.app */,
				4784D75F28291A7000DDF81A /* RickAndMortyAppTests.xctest */,
				4784D76928291A7000DDF81A /* RickAndMortyAppUITests.xctest */,
			);
			name = Products;
			sourceTree = "<group>";
		};
		4784D75128291A6D00DDF81A /* RickAndMortyApp */ = {
			isa = PBXGroup;
			children = (
				472B806E2886967200DAD063 /* Networking */,
				47EA05E42844C972008CCCDA /* Characters */,
				47EA05E52844C9A3008CCCDA /* Episodes */,
				47A017B028A3AC27001A5096 /* Locations */,
				47BE1052282947E60091FDE2 /* GraphQL */,
				47BE105F282A86100091FDE2 /* View */,
				4784D75628291A6F00DDF81A /* Assets.xcassets */,
				4784D75228291A6D00DDF81A /* RickAndMortyAppApp.swift */,
				4784D75828291A6F00DDF81A /* Preview Content */,
			);
			path = RickAndMortyApp;
			sourceTree = "<group>";
		};
		4784D75828291A6F00DDF81A /* Preview Content */ = {
			isa = PBXGroup;
			children = (
				4784D75928291A6F00DDF81A /* Preview Assets.xcassets */,
			);
			path = "Preview Content";
			sourceTree = "<group>";
		};
		4784D76228291A7000DDF81A /* RickAndMortyAppTests */ = {
			isa = PBXGroup;
			children = (
				4784D76328291A7000DDF81A /* RickAndMortyAppTests.swift */,
			);
			path = RickAndMortyAppTests;
			sourceTree = "<group>";
		};
		4784D76C28291A7000DDF81A /* RickAndMortyAppUITests */ = {
			isa = PBXGroup;
			children = (
				4784D76D28291A7000DDF81A /* RickAndMortyAppUITests.swift */,
				4784D76F28291A7000DDF81A /* RickAndMortyAppUITestsLaunchTests.swift */,
			);
			path = RickAndMortyAppUITests;
			sourceTree = "<group>";
		};
		47A017B028A3AC27001A5096 /* Locations */ = {
			isa = PBXGroup;
			children = (
				472D1F6B28A667B50098273D /* Details */,
				47A017B228A3B16B001A5096 /* LocationsModel.swift */,
				47A017D328A50890001A5096 /* LocationsListView.swift */,
				47A017D528A509B0001A5096 /* LocationsViewModel.swift */,
				472D1F6E28A6686A0098273D /* LocationsListRowView.swift */,
			);
			path = Locations;
			sourceTree = "<group>";
		};
		47A017B128A3AC41001A5096 /* Locations */ = {
			isa = PBXGroup;
			children = (
				47A017D728A509E0001A5096 /* LocationsApi.swift */,
				472D1F4D28A521AB0098273D /* LocationsService.swift */,
			);
			path = Locations;
			sourceTree = "<group>";
		};
		47A017D028A500DE001A5096 /* Details */ = {
			isa = PBXGroup;
			children = (
				474A383F2832698C00CD0EF7 /* CharactersDetailView.swift */,
			);
			path = Details;
			sourceTree = "<group>";
		};
		47BE1052282947E60091FDE2 /* GraphQL */ = {
			isa = PBXGroup;
			children = (
				47A34A1828A38DBD002873AA /* API.swift */,
				4797F2762829416400559F09 /* schema.json */,
				47BE10532829484C0091FDE2 /* Queries.graphql */,
				47BE1055282948940091FDE2 /* Apollo.swift */,
			);
			path = GraphQL;
			sourceTree = "<group>";
		};
		47BE105F282A86100091FDE2 /* View */ = {
			isa = PBXGroup;
			children = (
				47D0394C283BBE0A00CD07DE /* TabbarView.swift */,
				47D03950283CD6F400CD07DE /* InfoRowView.swift */,
			);
			path = View;
			sourceTree = "<group>";
		};
		47EA05E42844C972008CCCDA /* Characters */ = {
			isa = PBXGroup;
			children = (
				47A017D028A500DE001A5096 /* Details */,
				474A3833282E800D00CD0EF7 /* CharacterModel.swift */,
				47D8351E2834DDA900494D0F /* CharactersListRowView.swift */,
				4784D75428291A6D00DDF81A /* CharactersListView.swift */,
				4728F171289D581900A90F13 /* CharactersViewModel.swift */,
			);
			path = Characters;
			sourceTree = "<group>";
		};
		47EA05E52844C9A3008CCCDA /* Episodes */ = {
			isa = PBXGroup;
			children = (
				472D1F4A28A518E20098273D /* Details */,
				47D0394E283BC5D100CD07DE /* EpisodeListView.swift */,
				47EA05DC28440307008CCCDA /* EpisodeModel.swift */,
				47EA05E82844D036008CCCDA /* EpisodeListRowView.swift */,
				47EFE26B28A2620000C1AD51 /* EpisodesViewModel.swift */,
			);
			path = Episodes;
			sourceTree = "<group>";
		};
		47EFE26628A1052200C1AD51 /* Episodes */ = {
			isa = PBXGroup;
			children = (
				47EFE26728A1058400C1AD51 /* EpisodesApi.swift */,
				47EFE26928A1064300C1AD51 /* EpisodesService.swift */,
			);
			path = Episodes;
			sourceTree = "<group>";
		};
/* End PBXGroup section */

/* Begin PBXNativeTarget section */
		4784D74E28291A6D00DDF81A /* RickAndMortyApp */ = {
			isa = PBXNativeTarget;
			buildConfigurationList = 4784D77328291A7000DDF81A /* Build configuration list for PBXNativeTarget "RickAndMortyApp" */;
			buildPhases = (
				47BE105728294A5E0091FDE2 /* Generate Apollo GraphQL API */,
				47D2572F28AE2FF6000F30D9 /* Run SwiftFormat */,
				479F0AEF2833AE6700D8B48F /* Run SwiftLint */,
				4784D74B28291A6D00DDF81A /* Sources */,
				4784D74C28291A6D00DDF81A /* Frameworks */,
				4784D74D28291A6D00DDF81A /* Resources */,
			);
			buildRules = (
			);
			dependencies = (
			);
			name = RickAndMortyApp;
			packageProductDependencies = (
				4797F274282938C500559F09 /* Apollo */,
				474A383B282E9AF000CD0EF7 /* KingfisherSwiftUI */,
			);
			productName = RickAndMortyApp;
			productReference = 4784D74F28291A6D00DDF81A /* RickAndMortyApp.app */;
			productType = "com.apple.product-type.application";
		};
		4784D75E28291A7000DDF81A /* RickAndMortyAppTests */ = {
			isa = PBXNativeTarget;
			buildConfigurationList = 4784D77628291A7000DDF81A /* Build configuration list for PBXNativeTarget "RickAndMortyAppTests" */;
			buildPhases = (
				4784D75B28291A7000DDF81A /* Sources */,
				4784D75C28291A7000DDF81A /* Frameworks */,
				4784D75D28291A7000DDF81A /* Resources */,
			);
			buildRules = (
			);
			dependencies = (
				4784D76128291A7000DDF81A /* PBXTargetDependency */,
			);
			name = RickAndMortyAppTests;
			productName = RickAndMortyAppTests;
			productReference = 4784D75F28291A7000DDF81A /* RickAndMortyAppTests.xctest */;
			productType = "com.apple.product-type.bundle.unit-test";
		};
		4784D76828291A7000DDF81A /* RickAndMortyAppUITests */ = {
			isa = PBXNativeTarget;
			buildConfigurationList = 4784D77928291A7000DDF81A /* Build configuration list for PBXNativeTarget "RickAndMortyAppUITests" */;
			buildPhases = (
				4784D76528291A7000DDF81A /* Sources */,
				4784D76628291A7000DDF81A /* Frameworks */,
				4784D76728291A7000DDF81A /* Resources */,
			);
			buildRules = (
			);
			dependencies = (
				4784D76B28291A7000DDF81A /* PBXTargetDependency */,
			);
			name = RickAndMortyAppUITests;
			productName = RickAndMortyAppUITests;
			productReference = 4784D76928291A7000DDF81A /* RickAndMortyAppUITests.xctest */;
			productType = "com.apple.product-type.bundle.ui-testing";
		};
/* End PBXNativeTarget section */

/* Begin PBXProject section */
		4784D74728291A6D00DDF81A /* Project object */ = {
			isa = PBXProject;
			attributes = {
				BuildIndependentTargetsInParallel = 1;
				LastSwiftUpdateCheck = 1320;
				LastUpgradeCheck = 1320;
				TargetAttributes = {
					4784D74E28291A6D00DDF81A = {
						CreatedOnToolsVersion = 13.2.1;
					};
					4784D75E28291A7000DDF81A = {
						CreatedOnToolsVersion = 13.2.1;
						TestTargetID = 4784D74E28291A6D00DDF81A;
					};
					4784D76828291A7000DDF81A = {
						CreatedOnToolsVersion = 13.2.1;
						TestTargetID = 4784D74E28291A6D00DDF81A;
					};
				};
			};
			buildConfigurationList = 4784D74A28291A6D00DDF81A /* Build configuration list for PBXProject "RickAndMortyApp" */;
			compatibilityVersion = "Xcode 13.0";
			developmentRegion = en;
			hasScannedForEncodings = 0;
			knownRegions = (
				en,
				Base,
			);
			mainGroup = 4784D74628291A6D00DDF81A;
			packageReferences = (
				4797F273282938C500559F09 /* XCRemoteSwiftPackageReference "apollo-ios" */,
				474A383A282E9AF000CD0EF7 /* XCRemoteSwiftPackageReference "Kingfisher" */,
			);
			productRefGroup = 4784D75028291A6D00DDF81A /* Products */;
			projectDirPath = "";
			projectRoot = "";
			targets = (
				4784D74E28291A6D00DDF81A /* RickAndMortyApp */,
				4784D75E28291A7000DDF81A /* RickAndMortyAppTests */,
				4784D76828291A7000DDF81A /* RickAndMortyAppUITests */,
			);
		};
/* End PBXProject section */

/* Begin PBXResourcesBuildPhase section */
		4784D74D28291A6D00DDF81A /* Resources */ = {
			isa = PBXResourcesBuildPhase;
			buildActionMask = 2147483647;
			files = (
				4784D75A28291A6F00DDF81A /* Preview Assets.xcassets in Resources */,
				4797F2772829416400559F09 /* schema.json in Resources */,
				47BE10542829484C0091FDE2 /* Queries.graphql in Resources */,
				4784D75728291A6F00DDF81A /* Assets.xcassets in Resources */,
			);
			runOnlyForDeploymentPostprocessing = 0;
		};
		4784D75D28291A7000DDF81A /* Resources */ = {
			isa = PBXResourcesBuildPhase;
			buildActionMask = 2147483647;
			files = (
			);
			runOnlyForDeploymentPostprocessing = 0;
		};
		4784D76728291A7000DDF81A /* Resources */ = {
			isa = PBXResourcesBuildPhase;
			buildActionMask = 2147483647;
			files = (
			);
			runOnlyForDeploymentPostprocessing = 0;
		};
/* End PBXResourcesBuildPhase section */

/* Begin PBXShellScriptBuildPhase section */
		479F0AEF2833AE6700D8B48F /* Run SwiftLint */ = {
			isa = PBXShellScriptBuildPhase;
			buildActionMask = 2147483647;
			files = (
			);
			inputFileListPaths = (
			);
			inputPaths = (
			);
			name = "Run SwiftLint";
			outputFileListPaths = (
			);
			outputPaths = (
			);
			runOnlyForDeploymentPostprocessing = 0;
			shellPath = /bin/sh;
			shellScript = "export PATH=\"$PATH:/opt/homebrew/bin\" \nif which swiftlint >/dev/null; then\n  swiftlint --config ./.swiftlint.yml\nelse\n  echo \"warning: SwiftLint not installed, download from https://github.com/realm/SwiftLint\"\nfi\n";
		};
		47BE105728294A5E0091FDE2 /* Generate Apollo GraphQL API */ = {
			isa = PBXShellScriptBuildPhase;
			buildActionMask = 2147483647;
			files = (
			);
			inputFileListPaths = (
			);
			inputPaths = (
			);
			name = "Generate Apollo GraphQL API";
			outputFileListPaths = (
			);
			outputPaths = (
			);
			runOnlyForDeploymentPostprocessing = 0;
			shellPath = /bin/sh;
			shellScript = "# Don't run this during index builds\nif [ $ACTION = \"indexbuild\" ]; then exit 0; fi\n\n# Go to the build root and search up the chain to find the Derived Data Path where the source packages are checked out.\nDERIVED_DATA_CANDIDATE=\"${BUILD_ROOT}\"\n\nwhile ! [ -d \"${DERIVED_DATA_CANDIDATE}/SourcePackages\" ]; do\n  if [ \"${DERIVED_DATA_CANDIDATE}\" = / ]; then\n    echo >&2 \"error: Unable to locate SourcePackages directory from BUILD_ROOT: '${BUILD_ROOT}'\"\n    exit 1\n  fi\n\n  DERIVED_DATA_CANDIDATE=\"$(dirname \"${DERIVED_DATA_CANDIDATE}\")\"\ndone\n\n# Grab a reference to the directory where scripts are checked out\nSCRIPT_PATH=\"${DERIVED_DATA_CANDIDATE}/SourcePackages/checkouts/apollo-ios/scripts\"\n\nif [ -z \"${SCRIPT_PATH}\" ]; then\n    echo >&2 \"error: Couldn't find the CLI script in your checked out SPM packages; make sure to add the framework to your project.\"\n    exit 1\nfi\n\ncd \"${SRCROOT}/RickAndMortyApp/GraphQL\"\n\"${SCRIPT_PATH}\"/run-bundled-codegen.sh codegen:generate --target=swift --includes=./**/*.graphql --localSchemaFile=\"schema.json\" API.swift\n";
		};
		47D2572F28AE2FF6000F30D9 /* Run SwiftFormat */ = {
			isa = PBXShellScriptBuildPhase;
			buildActionMask = 2147483647;
			files = (
			);
			inputFileListPaths = (
			);
			inputPaths = (
			);
			name = "Run SwiftFormat";
			outputFileListPaths = (
			);
			outputPaths = (
			);
			runOnlyForDeploymentPostprocessing = 0;
			shellPath = /bin/sh;
			shellScript = "./swiftFormat.sh\n";
		};
/* End PBXShellScriptBuildPhase section */

/* Begin PBXSourcesBuildPhase section */
		4784D74B28291A6D00DDF81A /* Sources */ = {
			isa = PBXSourcesBuildPhase;
			buildActionMask = 2147483647;
			files = (
				47A017B328A3B16B001A5096 /* LocationsModel.swift in Sources */,
				47A017D828A509E0001A5096 /* LocationsApi.swift in Sources */,
				47D0394F283BC5D100CD07DE /* EpisodeListView.swift in Sources */,
				47A34A1928A38DBD002873AA /* API.swift in Sources */,
				47D0394D283BBE0A00CD07DE /* TabbarView.swift in Sources */,
				4784D75528291A6D00DDF81A /* CharactersListView.swift in Sources */,
				47A017D428A50890001A5096 /* LocationsListView.swift in Sources */,
				472D1F6F28A6686A0098273D /* LocationsListRowView.swift in Sources */,
				472B8070288696A600DAD063 /* CharactersService.swift in Sources */,
				472D1F6D28A667C70098273D /* LocationsDetailView.swift in Sources */,
				47D8351F2834DDA900494D0F /* CharactersListRowView.swift in Sources */,
				4728F172289D581900A90F13 /* CharactersViewModel.swift in Sources */,
				47EFE26A28A1064300C1AD51 /* EpisodesService.swift in Sources */,
				47A017D628A509B0001A5096 /* LocationsViewModel.swift in Sources */,
				47BE1056282948940091FDE2 /* Apollo.swift in Sources */,
				474A38402832698C00CD0EF7 /* CharactersDetailView.swift in Sources */,
				474A3834282E800D00CD0EF7 /* CharacterModel.swift in Sources */,
				4784D75328291A6D00DDF81A /* RickAndMortyAppApp.swift in Sources */,
				47EFE26C28A2620000C1AD51 /* EpisodesViewModel.swift in Sources */,
				47D03951283CD6F400CD07DE /* InfoRowView.swift in Sources */,
				472D1F4C28A519030098273D /* EpisodesDetailView.swift in Sources */,
				47EA05E92844D036008CCCDA /* EpisodeListRowView.swift in Sources */,
				4728F170289D371600A90F13 /* CharactersApi.swift in Sources */,
				47EFE26828A1058400C1AD51 /* EpisodesApi.swift in Sources */,
				472D1F4E28A521AB0098273D /* LocationsService.swift in Sources */,
				47EA05DD28440307008CCCDA /* EpisodeModel.swift in Sources */,
			);
			runOnlyForDeploymentPostprocessing = 0;
		};
		4784D75B28291A7000DDF81A /* Sources */ = {
			isa = PBXSourcesBuildPhase;
			buildActionMask = 2147483647;
			files = (
				4784D76428291A7000DDF81A /* RickAndMortyAppTests.swift in Sources */,
			);
			runOnlyForDeploymentPostprocessing = 0;
		};
		4784D76528291A7000DDF81A /* Sources */ = {
			isa = PBXSourcesBuildPhase;
			buildActionMask = 2147483647;
			files = (
				4784D76E28291A7000DDF81A /* RickAndMortyAppUITests.swift in Sources */,
				4784D77028291A7000DDF81A /* RickAndMortyAppUITestsLaunchTests.swift in Sources */,
			);
			runOnlyForDeploymentPostprocessing = 0;
		};
/* End PBXSourcesBuildPhase section */

/* Begin PBXTargetDependency section */
		4784D76128291A7000DDF81A /* PBXTargetDependency */ = {
			isa = PBXTargetDependency;
			target = 4784D74E28291A6D00DDF81A /* RickAndMortyApp */;
			targetProxy = 4784D76028291A7000DDF81A /* PBXContainerItemProxy */;
		};
		4784D76B28291A7000DDF81A /* PBXTargetDependency */ = {
			isa = PBXTargetDependency;
			target = 4784D74E28291A6D00DDF81A /* RickAndMortyApp */;
			targetProxy = 4784D76A28291A7000DDF81A /* PBXContainerItemProxy */;
		};
/* End PBXTargetDependency section */

/* Begin XCBuildConfiguration section */
		4784D77128291A7000DDF81A /* Debug */ = {
			isa = XCBuildConfiguration;
			buildSettings = {
				ALWAYS_SEARCH_USER_PATHS = NO;
				CLANG_ANALYZER_NONNULL = YES;
				CLANG_ANALYZER_NUMBER_OBJECT_CONVERSION = YES_AGGRESSIVE;
				CLANG_CXX_LANGUAGE_STANDARD = "gnu++17";
				CLANG_CXX_LIBRARY = "libc++";
				CLANG_ENABLE_MODULES = YES;
				CLANG_ENABLE_OBJC_ARC = YES;
				CLANG_ENABLE_OBJC_WEAK = YES;
				CLANG_WARN_BLOCK_CAPTURE_AUTORELEASING = YES;
				CLANG_WARN_BOOL_CONVERSION = YES;
				CLANG_WARN_COMMA = YES;
				CLANG_WARN_CONSTANT_CONVERSION = YES;
				CLANG_WARN_DEPRECATED_OBJC_IMPLEMENTATIONS = YES;
				CLANG_WARN_DIRECT_OBJC_ISA_USAGE = YES_ERROR;
				CLANG_WARN_DOCUMENTATION_COMMENTS = YES;
				CLANG_WARN_EMPTY_BODY = YES;
				CLANG_WARN_ENUM_CONVERSION = YES;
				CLANG_WARN_INFINITE_RECURSION = YES;
				CLANG_WARN_INT_CONVERSION = YES;
				CLANG_WARN_NON_LITERAL_NULL_CONVERSION = YES;
				CLANG_WARN_OBJC_IMPLICIT_RETAIN_SELF = YES;
				CLANG_WARN_OBJC_LITERAL_CONVERSION = YES;
				CLANG_WARN_OBJC_ROOT_CLASS = YES_ERROR;
				CLANG_WARN_QUOTED_INCLUDE_IN_FRAMEWORK_HEADER = YES;
				CLANG_WARN_RANGE_LOOP_ANALYSIS = YES;
				CLANG_WARN_STRICT_PROTOTYPES = YES;
				CLANG_WARN_SUSPICIOUS_MOVE = YES;
				CLANG_WARN_UNGUARDED_AVAILABILITY = YES_AGGRESSIVE;
				CLANG_WARN_UNREACHABLE_CODE = YES;
				CLANG_WARN__DUPLICATE_METHOD_MATCH = YES;
				COPY_PHASE_STRIP = NO;
				DEBUG_INFORMATION_FORMAT = dwarf;
				ENABLE_STRICT_OBJC_MSGSEND = YES;
				ENABLE_TESTABILITY = YES;
				GCC_C_LANGUAGE_STANDARD = gnu11;
				GCC_DYNAMIC_NO_PIC = NO;
				GCC_NO_COMMON_BLOCKS = YES;
				GCC_OPTIMIZATION_LEVEL = 0;
				GCC_PREPROCESSOR_DEFINITIONS = (
					"DEBUG=1",
					"$(inherited)",
				);
				GCC_WARN_64_TO_32_BIT_CONVERSION = YES;
				GCC_WARN_ABOUT_RETURN_TYPE = YES_ERROR;
				GCC_WARN_UNDECLARED_SELECTOR = YES;
				GCC_WARN_UNINITIALIZED_AUTOS = YES_AGGRESSIVE;
				GCC_WARN_UNUSED_FUNCTION = YES;
				GCC_WARN_UNUSED_VARIABLE = YES;
				IPHONEOS_DEPLOYMENT_TARGET = 15.2;
				MTL_ENABLE_DEBUG_INFO = INCLUDE_SOURCE;
				MTL_FAST_MATH = YES;
				ONLY_ACTIVE_ARCH = YES;
				SDKROOT = iphoneos;
				SWIFT_ACTIVE_COMPILATION_CONDITIONS = DEBUG;
				SWIFT_OPTIMIZATION_LEVEL = "-Onone";
			};
			name = Debug;
		};
		4784D77228291A7000DDF81A /* Release */ = {
			isa = XCBuildConfiguration;
			buildSettings = {
				ALWAYS_SEARCH_USER_PATHS = NO;
				CLANG_ANALYZER_NONNULL = YES;
				CLANG_ANALYZER_NUMBER_OBJECT_CONVERSION = YES_AGGRESSIVE;
				CLANG_CXX_LANGUAGE_STANDARD = "gnu++17";
				CLANG_CXX_LIBRARY = "libc++";
				CLANG_ENABLE_MODULES = YES;
				CLANG_ENABLE_OBJC_ARC = YES;
				CLANG_ENABLE_OBJC_WEAK = YES;
				CLANG_WARN_BLOCK_CAPTURE_AUTORELEASING = YES;
				CLANG_WARN_BOOL_CONVERSION = YES;
				CLANG_WARN_COMMA = YES;
				CLANG_WARN_CONSTANT_CONVERSION = YES;
				CLANG_WARN_DEPRECATED_OBJC_IMPLEMENTATIONS = YES;
				CLANG_WARN_DIRECT_OBJC_ISA_USAGE = YES_ERROR;
				CLANG_WARN_DOCUMENTATION_COMMENTS = YES;
				CLANG_WARN_EMPTY_BODY = YES;
				CLANG_WARN_ENUM_CONVERSION = YES;
				CLANG_WARN_INFINITE_RECURSION = YES;
				CLANG_WARN_INT_CONVERSION = YES;
				CLANG_WARN_NON_LITERAL_NULL_CONVERSION = YES;
				CLANG_WARN_OBJC_IMPLICIT_RETAIN_SELF = YES;
				CLANG_WARN_OBJC_LITERAL_CONVERSION = YES;
				CLANG_WARN_OBJC_ROOT_CLASS = YES_ERROR;
				CLANG_WARN_QUOTED_INCLUDE_IN_FRAMEWORK_HEADER = YES;
				CLANG_WARN_RANGE_LOOP_ANALYSIS = YES;
				CLANG_WARN_STRICT_PROTOTYPES = YES;
				CLANG_WARN_SUSPICIOUS_MOVE = YES;
				CLANG_WARN_UNGUARDED_AVAILABILITY = YES_AGGRESSIVE;
				CLANG_WARN_UNREACHABLE_CODE = YES;
				CLANG_WARN__DUPLICATE_METHOD_MATCH = YES;
				COPY_PHASE_STRIP = NO;
				DEBUG_INFORMATION_FORMAT = "dwarf-with-dsym";
				ENABLE_NS_ASSERTIONS = NO;
				ENABLE_STRICT_OBJC_MSGSEND = YES;
				GCC_C_LANGUAGE_STANDARD = gnu11;
				GCC_NO_COMMON_BLOCKS = YES;
				GCC_WARN_64_TO_32_BIT_CONVERSION = YES;
				GCC_WARN_ABOUT_RETURN_TYPE = YES_ERROR;
				GCC_WARN_UNDECLARED_SELECTOR = YES;
				GCC_WARN_UNINITIALIZED_AUTOS = YES_AGGRESSIVE;
				GCC_WARN_UNUSED_FUNCTION = YES;
				GCC_WARN_UNUSED_VARIABLE = YES;
				IPHONEOS_DEPLOYMENT_TARGET = 15.2;
				MTL_ENABLE_DEBUG_INFO = NO;
				MTL_FAST_MATH = YES;
				SDKROOT = iphoneos;
				SWIFT_COMPILATION_MODE = wholemodule;
				SWIFT_OPTIMIZATION_LEVEL = "-O";
				VALIDATE_PRODUCT = YES;
			};
			name = Release;
		};
		4784D77428291A7000DDF81A /* Debug */ = {
			isa = XCBuildConfiguration;
			buildSettings = {
				ASSETCATALOG_COMPILER_APPICON_NAME = AppIcon;
				ASSETCATALOG_COMPILER_GLOBAL_ACCENT_COLOR_NAME = AccentColor;
				CODE_SIGN_STYLE = Automatic;
				CURRENT_PROJECT_VERSION = 1;
				DEVELOPMENT_ASSET_PATHS = "\"RickAndMortyApp/Preview Content\"";
				DEVELOPMENT_TEAM = JTJRJ8RSTF;
				ENABLE_PREVIEWS = YES;
				GENERATE_INFOPLIST_FILE = YES;
				INFOPLIST_KEY_UIApplicationSceneManifest_Generation = YES;
				INFOPLIST_KEY_UIApplicationSupportsIndirectInputEvents = YES;
				INFOPLIST_KEY_UILaunchScreen_Generation = YES;
				INFOPLIST_KEY_UISupportedInterfaceOrientations_iPad = "UIInterfaceOrientationPortrait UIInterfaceOrientationPortraitUpsideDown UIInterfaceOrientationLandscapeLeft UIInterfaceOrientationLandscapeRight";
				INFOPLIST_KEY_UISupportedInterfaceOrientations_iPhone = "UIInterfaceOrientationPortrait UIInterfaceOrientationLandscapeLeft UIInterfaceOrientationLandscapeRight";
				LD_RUNPATH_SEARCH_PATHS = (
					"$(inherited)",
					"@executable_path/Frameworks",
				);
				MARKETING_VERSION = 1.0;
				PRODUCT_BUNDLE_IDENTIFIER = com.kertmen.RickAndMortyApp;
				PRODUCT_NAME = "$(TARGET_NAME)";
				SWIFT_EMIT_LOC_STRINGS = YES;
				SWIFT_VERSION = 5.0;
				TARGETED_DEVICE_FAMILY = "1,2";
			};
			name = Debug;
		};
		4784D77528291A7000DDF81A /* Release */ = {
			isa = XCBuildConfiguration;
			buildSettings = {
				ASSETCATALOG_COMPILER_APPICON_NAME = AppIcon;
				ASSETCATALOG_COMPILER_GLOBAL_ACCENT_COLOR_NAME = AccentColor;
				CODE_SIGN_STYLE = Automatic;
				CURRENT_PROJECT_VERSION = 1;
				DEVELOPMENT_ASSET_PATHS = "\"RickAndMortyApp/Preview Content\"";
				DEVELOPMENT_TEAM = JTJRJ8RSTF;
				ENABLE_PREVIEWS = YES;
				GENERATE_INFOPLIST_FILE = YES;
				INFOPLIST_KEY_UIApplicationSceneManifest_Generation = YES;
				INFOPLIST_KEY_UIApplicationSupportsIndirectInputEvents = YES;
				INFOPLIST_KEY_UILaunchScreen_Generation = YES;
				INFOPLIST_KEY_UISupportedInterfaceOrientations_iPad = "UIInterfaceOrientationPortrait UIInterfaceOrientationPortraitUpsideDown UIInterfaceOrientationLandscapeLeft UIInterfaceOrientationLandscapeRight";
				INFOPLIST_KEY_UISupportedInterfaceOrientations_iPhone = "UIInterfaceOrientationPortrait UIInterfaceOrientationLandscapeLeft UIInterfaceOrientationLandscapeRight";
				LD_RUNPATH_SEARCH_PATHS = (
					"$(inherited)",
					"@executable_path/Frameworks",
				);
				MARKETING_VERSION = 1.0;
				PRODUCT_BUNDLE_IDENTIFIER = com.kertmen.RickAndMortyApp;
				PRODUCT_NAME = "$(TARGET_NAME)";
				SWIFT_EMIT_LOC_STRINGS = YES;
				SWIFT_VERSION = 5.0;
				TARGETED_DEVICE_FAMILY = "1,2";
			};
			name = Release;
		};
		4784D77728291A7000DDF81A /* Debug */ = {
			isa = XCBuildConfiguration;
			buildSettings = {
				ALWAYS_EMBED_SWIFT_STANDARD_LIBRARIES = YES;
				BUNDLE_LOADER = "$(TEST_HOST)";
				CODE_SIGN_STYLE = Automatic;
				CURRENT_PROJECT_VERSION = 1;
				DEVELOPMENT_TEAM = JTJRJ8RSTF;
				GENERATE_INFOPLIST_FILE = YES;
				IPHONEOS_DEPLOYMENT_TARGET = 15.2;
				MARKETING_VERSION = 1.0;
				PRODUCT_BUNDLE_IDENTIFIER = com.kertmen.RickAndMortyAppTests;
				PRODUCT_NAME = "$(TARGET_NAME)";
				SWIFT_EMIT_LOC_STRINGS = NO;
				SWIFT_VERSION = 5.0;
				TARGETED_DEVICE_FAMILY = "1,2";
				TEST_HOST = "$(BUILT_PRODUCTS_DIR)/RickAndMortyApp.app/RickAndMortyApp";
			};
			name = Debug;
		};
		4784D77828291A7000DDF81A /* Release */ = {
			isa = XCBuildConfiguration;
			buildSettings = {
				ALWAYS_EMBED_SWIFT_STANDARD_LIBRARIES = YES;
				BUNDLE_LOADER = "$(TEST_HOST)";
				CODE_SIGN_STYLE = Automatic;
				CURRENT_PROJECT_VERSION = 1;
				DEVELOPMENT_TEAM = JTJRJ8RSTF;
				GENERATE_INFOPLIST_FILE = YES;
				IPHONEOS_DEPLOYMENT_TARGET = 15.2;
				MARKETING_VERSION = 1.0;
				PRODUCT_BUNDLE_IDENTIFIER = com.kertmen.RickAndMortyAppTests;
				PRODUCT_NAME = "$(TARGET_NAME)";
				SWIFT_EMIT_LOC_STRINGS = NO;
				SWIFT_VERSION = 5.0;
				TARGETED_DEVICE_FAMILY = "1,2";
				TEST_HOST = "$(BUILT_PRODUCTS_DIR)/RickAndMortyApp.app/RickAndMortyApp";
			};
			name = Release;
		};
		4784D77A28291A7000DDF81A /* Debug */ = {
			isa = XCBuildConfiguration;
			buildSettings = {
				ALWAYS_EMBED_SWIFT_STANDARD_LIBRARIES = YES;
				CODE_SIGN_STYLE = Automatic;
				CURRENT_PROJECT_VERSION = 1;
				DEVELOPMENT_TEAM = JTJRJ8RSTF;
				GENERATE_INFOPLIST_FILE = YES;
				MARKETING_VERSION = 1.0;
				PRODUCT_BUNDLE_IDENTIFIER = com.kertmen.RickAndMortyAppUITests;
				PRODUCT_NAME = "$(TARGET_NAME)";
				SWIFT_EMIT_LOC_STRINGS = NO;
				SWIFT_VERSION = 5.0;
				TARGETED_DEVICE_FAMILY = "1,2";
				TEST_TARGET_NAME = RickAndMortyApp;
			};
			name = Debug;
		};
		4784D77B28291A7000DDF81A /* Release */ = {
			isa = XCBuildConfiguration;
			buildSettings = {
				ALWAYS_EMBED_SWIFT_STANDARD_LIBRARIES = YES;
				CODE_SIGN_STYLE = Automatic;
				CURRENT_PROJECT_VERSION = 1;
				DEVELOPMENT_TEAM = JTJRJ8RSTF;
				GENERATE_INFOPLIST_FILE = YES;
				MARKETING_VERSION = 1.0;
				PRODUCT_BUNDLE_IDENTIFIER = com.kertmen.RickAndMortyAppUITests;
				PRODUCT_NAME = "$(TARGET_NAME)";
				SWIFT_EMIT_LOC_STRINGS = NO;
				SWIFT_VERSION = 5.0;
				TARGETED_DEVICE_FAMILY = "1,2";
				TEST_TARGET_NAME = RickAndMortyApp;
			};
			name = Release;
		};
/* End XCBuildConfiguration section */

/* Begin XCConfigurationList section */
		4784D74A28291A6D00DDF81A /* Build configuration list for PBXProject "RickAndMortyApp" */ = {
			isa = XCConfigurationList;
			buildConfigurations = (
				4784D77128291A7000DDF81A /* Debug */,
				4784D77228291A7000DDF81A /* Release */,
			);
			defaultConfigurationIsVisible = 0;
			defaultConfigurationName = Release;
		};
		4784D77328291A7000DDF81A /* Build configuration list for PBXNativeTarget "RickAndMortyApp" */ = {
			isa = XCConfigurationList;
			buildConfigurations = (
				4784D77428291A7000DDF81A /* Debug */,
				4784D77528291A7000DDF81A /* Release */,
			);
			defaultConfigurationIsVisible = 0;
			defaultConfigurationName = Release;
		};
		4784D77628291A7000DDF81A /* Build configuration list for PBXNativeTarget "RickAndMortyAppTests" */ = {
			isa = XCConfigurationList;
			buildConfigurations = (
				4784D77728291A7000DDF81A /* Debug */,
				4784D77828291A7000DDF81A /* Release */,
			);
			defaultConfigurationIsVisible = 0;
			defaultConfigurationName = Release;
		};
		4784D77928291A7000DDF81A /* Build configuration list for PBXNativeTarget "RickAndMortyAppUITests" */ = {
			isa = XCConfigurationList;
			buildConfigurations = (
				4784D77A28291A7000DDF81A /* Debug */,
				4784D77B28291A7000DDF81A /* Release */,
			);
			defaultConfigurationIsVisible = 0;
			defaultConfigurationName = Release;
		};
/* End XCConfigurationList section */

/* Begin XCRemoteSwiftPackageReference section */
		474A383A282E9AF000CD0EF7 /* XCRemoteSwiftPackageReference "Kingfisher" */ = {
			isa = XCRemoteSwiftPackageReference;
			repositoryURL = "https://github.com/onevcat/Kingfisher.git";
			requirement = {
				kind = upToNextMajorVersion;
				minimumVersion = 5.0.0;
			};
		};
		4797F273282938C500559F09 /* XCRemoteSwiftPackageReference "apollo-ios" */ = {
			isa = XCRemoteSwiftPackageReference;
			repositoryURL = "https://github.com/apollographql/apollo-ios.git";
			requirement = {
				kind = upToNextMajorVersion;
				minimumVersion = 0.9.5;
			};
		};
/* End XCRemoteSwiftPackageReference section */

/* Begin XCSwiftPackageProductDependency section */
		474A383B282E9AF000CD0EF7 /* KingfisherSwiftUI */ = {
			isa = XCSwiftPackageProductDependency;
			package = 474A383A282E9AF000CD0EF7 /* XCRemoteSwiftPackageReference "Kingfisher" */;
			productName = KingfisherSwiftUI;
		};
		4797F274282938C500559F09 /* Apollo */ = {
			isa = XCSwiftPackageProductDependency;
			package = 4797F273282938C500559F09 /* XCRemoteSwiftPackageReference "apollo-ios" */;
			productName = Apollo;
		};
/* End XCSwiftPackageProductDependency section */
	};
	rootObject = 4784D74728291A6D00DDF81A /* Project object */;
}
